
Microsoft Visual Studio Solution File, Format Version 12.00
# Visual Studio 2012
Project("{8BC9CEB8-8B4A-11D0-8D11-00A0C91BC942}") = "SizzlingStats", "SizzlingStats\SizzlingStats.vcxproj", "{F43527EE-8AAC-423D-99C2-DFAA567904E1}"
	ProjectSection(ProjectDependencies) = postProject
		{20CD0A53-492F-47F6-9B09-DC747D36DBD7} = {20CD0A53-492F-47F6-9B09-DC747D36DBD7}
	EndProjectSection
EndProject
Project("{8BC9CEB8-8B4A-11D0-8D11-00A0C91BC942}") = "SizzlingLib", "SizzlingLib\SizzlingLib.vcxproj", "{20CD0A53-492F-47F6-9B09-DC747D36DBD7}"
EndProject
Project("{8BC9CEB8-8B4A-11D0-8D11-00A0C91BC942}") = "autotimer", "Auto-Timer\Auto-Timer.vcxproj", "{C86623B6-9005-48D3-B763-1AE4FCBD6957}"
	ProjectSection(ProjectDependencies) = postProject
		{20CD0A53-492F-47F6-9B09-DC747D36DBD7} = {20CD0A53-492F-47F6-9B09-DC747D36DBD7}
	EndProjectSection
EndProject
Project("{8BC9CEB8-8B4A-11D0-8D11-00A0C91BC942}") = "sizzlingmatches", "sizzlingmatches\sizzlingmatches.vcxproj", "{638E1C71-17E6-4D84-AF90-94B84B7CF9BB}"
	ProjectSection(ProjectDependencies) = postProject
		{20CD0A53-492F-47F6-9B09-DC747D36DBD7} = {20CD0A53-492F-47F6-9B09-DC747D36DBD7}
	EndProjectSection
EndProject
Project("{8BC9CEB8-8B4A-11D0-8D11-00A0C91BC942}") = "supplementalstats", "supplementalstats\supplementalstats.vcxproj", "{4C5AC96A-1470-4B90-B83B-57BC8B012A7C}"
	ProjectSection(ProjectDependencies) = postProject
		{20CD0A53-492F-47F6-9B09-DC747D36DBD7} = {20CD0A53-492F-47F6-9B09-DC747D36DBD7}
	EndProjectSection
EndProject
Project("{8BC9CEB8-8B4A-11D0-8D11-00A0C91BC942}") = "new plugin interface", "new plugin interface\new plugin interface.vcxproj", "{4C0B9686-0EBE-4D8C-A02C-B457A9B12503}"
EndProject
Project("{2150E333-8FDC-42A3-9474-1A3956D46DE8}") = "common", "common", "{1A5B6E99-C498-4D1B-9BE9-A57C26BDED0B}"
	ProjectSection(SolutionItems) = preProject
		common\funcqueuethread.h = common\funcqueuethread.h
		common\queuethread.h = common\queuethread.h
		StructPrinter.h = StructPrinter.h
		common\teamplay_gamerule_states.h = common\teamplay_gamerule_states.h
		common\Thunk.h = common\Thunk.h
	EndProjectSection
EndProject
Project("{2150E333-8FDC-42A3-9474-1A3956D46DE8}") = "curl", "curl", "{93B5B338-B359-4E64-919C-30F3993E3F18}"
	ProjectSection(SolutionItems) = preProject
		common\curl\curl.h = common\curl\curl.h
		common\curl\curlbuild.h = common\curl\curlbuild.h
		common\curl\curlrules.h = common\curl\curlrules.h
		common\curl\curlver.h = common\curl\curlver.h
		common\curl\easy.h = common\curl\easy.h
		common\curl\mprintf.h = common\curl\mprintf.h
		common\curl\multi.h = common\curl\multi.h
		common\curl\stdcheaders.h = common\curl\stdcheaders.h
		common\curl\typecheck-gcc.h = common\curl\typecheck-gcc.h
	EndProjectSection
EndProject
Project("{8BC9CEB8-8B4A-11D0-8D11-00A0C91BC942}") = "SizzlingRecord", "SizzlingRecord\SizzlingRecord.vcxproj", "{3E0CDF66-67D2-4B97-A909-0B1C806671C0}"
	ProjectSection(ProjectDependencies) = postProject
		{20CD0A53-492F-47F6-9B09-DC747D36DBD7} = {20CD0A53-492F-47F6-9B09-DC747D36DBD7}
	EndProjectSection
EndProject
Project("{2150E333-8FDC-42A3-9474-1A3956D46DE8}") = "open_steamworks", "open_steamworks", "{4A5C6A45-C8F8-4912-8C16-6717F9A66369}"
	ProjectSection(SolutionItems) = preProject
		common\open_steamworks\AppsCommon.h = common\open_steamworks\AppsCommon.h
		common\open_steamworks\AppTicketCommon.h = common\open_steamworks\AppTicketCommon.h
		common\open_steamworks\BillingCommon.h = common\open_steamworks\BillingCommon.h
		common\open_steamworks\BridgeCommon.h = common\open_steamworks\BridgeCommon.h
		common\open_steamworks\CCallback.h = common\open_steamworks\CCallback.h
		common\open_steamworks\CGameID.h = common\open_steamworks\CGameID.h
		common\open_steamworks\ClientCommon.h = common\open_steamworks\ClientCommon.h
		common\open_steamworks\ContentServerCommon.h = common\open_steamworks\ContentServerCommon.h
		common\open_steamworks\CSteamAPIContext.h = common\open_steamworks\CSteamAPIContext.h
		common\open_steamworks\CSteamID.h = common\open_steamworks\CSteamID.h
		common\open_steamworks\ECurrencyCode.h = common\open_steamworks\ECurrencyCode.h
		common\open_steamworks\EResult.h = common\open_steamworks\EResult.h
		common\open_steamworks\ESteamAppUpdateStatsQueryType.h = common\open_steamworks\ESteamAppUpdateStatsQueryType.h
		common\open_steamworks\ESteamBufferMethod.h = common\open_steamworks\ESteamBufferMethod.h
		common\open_steamworks\ESteamError.h = common\open_steamworks\ESteamError.h
		common\open_steamworks\ESteamFindFilter.h = common\open_steamworks\ESteamFindFilter.h
		common\open_steamworks\ESteamNotify.h = common\open_steamworks\ESteamNotify.h
		common\open_steamworks\ESteamPaymentCardType.h = common\open_steamworks\ESteamPaymentCardType.h
		common\open_steamworks\ESteamSeekMethod.h = common\open_steamworks\ESteamSeekMethod.h
		common\open_steamworks\ESteamServerType.h = common\open_steamworks\ESteamServerType.h
		common\open_steamworks\ESteamSubscriptionBillingInfoType.h = common\open_steamworks\ESteamSubscriptionBillingInfoType.h
		common\open_steamworks\ESteamSubscriptionStatus.h = common\open_steamworks\ESteamSubscriptionStatus.h
		common\open_steamworks\EVoiceResult.h = common\open_steamworks\EVoiceResult.h
		common\open_steamworks\FriendGameInfo.h = common\open_steamworks\FriendGameInfo.h
		common\open_steamworks\FriendsCommon.h = common\open_steamworks\FriendsCommon.h
		common\open_steamworks\GameCoordinatorCommon.h = common\open_steamworks\GameCoordinatorCommon.h
		common\open_steamworks\GameServerCommon.h = common\open_steamworks\GameServerCommon.h
		common\open_steamworks\gameserveritem.h = common\open_steamworks\gameserveritem.h
		common\open_steamworks\GameServerStatsCommon.h = common\open_steamworks\GameServerStatsCommon.h
		common\open_steamworks\GameStatsCommon.h = common\open_steamworks\GameStatsCommon.h
		common\open_steamworks\HTTPCommon.h = common\open_steamworks\HTTPCommon.h
		common\open_steamworks\IClientAppManager.h = common\open_steamworks\IClientAppManager.h
		common\open_steamworks\IClientApps.h = common\open_steamworks\IClientApps.h
		common\open_steamworks\IClientAudio.h = common\open_steamworks\IClientAudio.h
		common\open_steamworks\IClientBilling.h = common\open_steamworks\IClientBilling.h
		common\open_steamworks\IClientConfigStore.h = common\open_steamworks\IClientConfigStore.h
		common\open_steamworks\IClientContentServer.h = common\open_steamworks\IClientContentServer.h
		common\open_steamworks\IClientDepotBuilder.h = common\open_steamworks\IClientDepotBuilder.h
		common\open_steamworks\IClientEngine.h = common\open_steamworks\IClientEngine.h
		common\open_steamworks\IClientFriends.h = common\open_steamworks\IClientFriends.h
		common\open_steamworks\IClientGameCoordinator.h = common\open_steamworks\IClientGameCoordinator.h
		common\open_steamworks\IClientGameServer.h = common\open_steamworks\IClientGameServer.h
		common\open_steamworks\IClientGameServerStats.h = common\open_steamworks\IClientGameServerStats.h
		common\open_steamworks\IClientGameStats.h = common\open_steamworks\IClientGameStats.h
		common\open_steamworks\IClientHTTP.h = common\open_steamworks\IClientHTTP.h
		common\open_steamworks\IClientMasterServerUpdater.h = common\open_steamworks\IClientMasterServerUpdater.h
		common\open_steamworks\IClientMatchmaking.h = common\open_steamworks\IClientMatchmaking.h
		common\open_steamworks\IClientMatchmakingServers.h = common\open_steamworks\IClientMatchmakingServers.h
		common\open_steamworks\IClientNetworking.h = common\open_steamworks\IClientNetworking.h
		common\open_steamworks\IClientRemoteStorage.h = common\open_steamworks\IClientRemoteStorage.h
		common\open_steamworks\IClientScreenshots.h = common\open_steamworks\IClientScreenshots.h
		common\open_steamworks\IClientUser.h = common\open_steamworks\IClientUser.h
		common\open_steamworks\IClientUserStats.h = common\open_steamworks\IClientUserStats.h
		common\open_steamworks\IClientUtils.h = common\open_steamworks\IClientUtils.h
		common\open_steamworks\Interface_OSW.h = common\open_steamworks\Interface_OSW.h
		common\open_steamworks\ISteam003.h = common\open_steamworks\ISteam003.h
		common\open_steamworks\ISteam004.h = common\open_steamworks\ISteam004.h
		common\open_steamworks\ISteam005.h = common\open_steamworks\ISteam005.h
		common\open_steamworks\ISteam006.h = common\open_steamworks\ISteam006.h
		common\open_steamworks\ISteam2Bridge001.h = common\open_steamworks\ISteam2Bridge001.h
		common\open_steamworks\ISteam2Bridge002.h = common\open_steamworks\ISteam2Bridge002.h
		common\open_steamworks\ISteamApps001.h = common\open_steamworks\ISteamApps001.h
		common\open_steamworks\ISteamApps002.h = common\open_steamworks\ISteamApps002.h
		common\open_steamworks\ISteamApps003.h = common\open_steamworks\ISteamApps003.h
		common\open_steamworks\ISteamApps004.h = common\open_steamworks\ISteamApps004.h
		common\open_steamworks\ISteamApps005.h = common\open_steamworks\ISteamApps005.h
		common\open_steamworks\ISteamAppTicket001.h = common\open_steamworks\ISteamAppTicket001.h
		common\open_steamworks\ISteamBilling001.h = common\open_steamworks\ISteamBilling001.h
		common\open_steamworks\ISteamBilling002.h = common\open_steamworks\ISteamBilling002.h
		common\open_steamworks\ISteamClient006.h = common\open_steamworks\ISteamClient006.h
		common\open_steamworks\ISteamClient007.h = common\open_steamworks\ISteamClient007.h
		common\open_steamworks\ISteamClient008.h = common\open_steamworks\ISteamClient008.h
		common\open_steamworks\ISteamClient009.h = common\open_steamworks\ISteamClient009.h
		common\open_steamworks\ISteamClient010.h = common\open_steamworks\ISteamClient010.h
		common\open_steamworks\ISteamClient011.h = common\open_steamworks\ISteamClient011.h
		common\open_steamworks\ISteamClient012.h = common\open_steamworks\ISteamClient012.h
		common\open_steamworks\ISteamContentServer001.h = common\open_steamworks\ISteamContentServer001.h
		common\open_steamworks\ISteamContentServer002.h = common\open_steamworks\ISteamContentServer002.h
		common\open_steamworks\ISteamFriends001.h = common\open_steamworks\ISteamFriends001.h
		common\open_steamworks\ISteamFriends002.h = common\open_steamworks\ISteamFriends002.h
		common\open_steamworks\ISteamFriends003.h = common\open_steamworks\ISteamFriends003.h
		common\open_steamworks\ISteamFriends004.h = common\open_steamworks\ISteamFriends004.h
		common\open_steamworks\ISteamFriends005.h = common\open_steamworks\ISteamFriends005.h
		common\open_steamworks\ISteamFriends006.h = common\open_steamworks\ISteamFriends006.h
		common\open_steamworks\ISteamFriends007.h = common\open_steamworks\ISteamFriends007.h
		common\open_steamworks\ISteamFriends008.h = common\open_steamworks\ISteamFriends008.h
		common\open_steamworks\ISteamFriends009.h = common\open_steamworks\ISteamFriends009.h
		common\open_steamworks\ISteamFriends010.h = common\open_steamworks\ISteamFriends010.h
		common\open_steamworks\ISteamFriends011.h = common\open_steamworks\ISteamFriends011.h
		common\open_steamworks\ISteamFriends012.h = common\open_steamworks\ISteamFriends012.h
		common\open_steamworks\ISteamFriends013.h = common\open_steamworks\ISteamFriends013.h
		common\open_steamworks\ISteamGameCoordinator001.h = common\open_steamworks\ISteamGameCoordinator001.h
		common\open_steamworks\ISteamGameServer002.h = common\open_steamworks\ISteamGameServer002.h
		common\open_steamworks\ISteamGameServer003.h = common\open_steamworks\ISteamGameServer003.h
		common\open_steamworks\ISteamGameServer004.h = common\open_steamworks\ISteamGameServer004.h
		common\open_steamworks\ISteamGameServer005.h = common\open_steamworks\ISteamGameServer005.h
		common\open_steamworks\ISteamGameServer006.h = common\open_steamworks\ISteamGameServer006.h
		common\open_steamworks\ISteamGameServer007.h = common\open_steamworks\ISteamGameServer007.h
		common\open_steamworks\ISteamGameServer008.h = common\open_steamworks\ISteamGameServer008.h
		common\open_steamworks\ISteamGameServer009.h = common\open_steamworks\ISteamGameServer009.h
		common\open_steamworks\ISteamGameServer010.h = common\open_steamworks\ISteamGameServer010.h
		common\open_steamworks\ISteamGameServer011.h = common\open_steamworks\ISteamGameServer011.h
		common\open_steamworks\ISteamGameServerStats001.h = common\open_steamworks\ISteamGameServerStats001.h
		common\open_steamworks\ISteamGameStats001.h = common\open_steamworks\ISteamGameStats001.h
		common\open_steamworks\ISteamHTTP001.h = common\open_steamworks\ISteamHTTP001.h
		common\open_steamworks\ISteamHTTP002.h = common\open_steamworks\ISteamHTTP002.h
		common\open_steamworks\ISteamMasterServerUpdater001.h = common\open_steamworks\ISteamMasterServerUpdater001.h
		common\open_steamworks\ISteamMatchmaking001.h = common\open_steamworks\ISteamMatchmaking001.h
		common\open_steamworks\ISteamMatchmaking002.h = common\open_steamworks\ISteamMatchmaking002.h
		common\open_steamworks\ISteamMatchmaking003.h = common\open_steamworks\ISteamMatchmaking003.h
		common\open_steamworks\ISteamMatchmaking004.h = common\open_steamworks\ISteamMatchmaking004.h
		common\open_steamworks\ISteamMatchmaking005.h = common\open_steamworks\ISteamMatchmaking005.h
		common\open_steamworks\ISteamMatchmaking006.h = common\open_steamworks\ISteamMatchmaking006.h
		common\open_steamworks\ISteamMatchmaking007.h = common\open_steamworks\ISteamMatchmaking007.h
		common\open_steamworks\ISteamMatchmaking008.h = common\open_steamworks\ISteamMatchmaking008.h
		common\open_steamworks\ISteamMatchmaking009.h = common\open_steamworks\ISteamMatchmaking009.h
		common\open_steamworks\ISteamMatchmakingServers001.h = common\open_steamworks\ISteamMatchmakingServers001.h
		common\open_steamworks\ISteamMatchmakingServers002.h = common\open_steamworks\ISteamMatchmakingServers002.h
		common\open_steamworks\ISteamNetworking001.h = common\open_steamworks\ISteamNetworking001.h
		common\open_steamworks\ISteamNetworking002.h = common\open_steamworks\ISteamNetworking002.h
		common\open_steamworks\ISteamNetworking003.h = common\open_steamworks\ISteamNetworking003.h
		common\open_steamworks\ISteamNetworking004.h = common\open_steamworks\ISteamNetworking004.h
		common\open_steamworks\ISteamNetworking005.h = common\open_steamworks\ISteamNetworking005.h
		common\open_steamworks\ISteamOAuth001.h = common\open_steamworks\ISteamOAuth001.h
		common\open_steamworks\ISteamRemoteStorage001.h = common\open_steamworks\ISteamRemoteStorage001.h
		common\open_steamworks\ISteamRemoteStorage002.h = common\open_steamworks\ISteamRemoteStorage002.h
		common\open_steamworks\ISteamRemoteStorage003.h = common\open_steamworks\ISteamRemoteStorage003.h
		common\open_steamworks\ISteamRemoteStorage004.h = common\open_steamworks\ISteamRemoteStorage004.h
		common\open_steamworks\ISteamRemoteStorage005.h = common\open_steamworks\ISteamRemoteStorage005.h
		common\open_steamworks\ISteamRemoteStorage006.h = common\open_steamworks\ISteamRemoteStorage006.h
		common\open_steamworks\ISteamRemoteStorage007.h = common\open_steamworks\ISteamRemoteStorage007.h
		common\open_steamworks\ISteamRemoteStorage008.h = common\open_steamworks\ISteamRemoteStorage008.h
		common\open_steamworks\ISteamRemoteStorage009.h = common\open_steamworks\ISteamRemoteStorage009.h
		common\open_steamworks\ISteamRemoteStorage010.h = common\open_steamworks\ISteamRemoteStorage010.h
		common\open_steamworks\ISteamScreenshots001.h = common\open_steamworks\ISteamScreenshots001.h
		common\open_steamworks\ISteamUser004.h = common\open_steamworks\ISteamUser004.h
		common\open_steamworks\ISteamUser005.h = common\open_steamworks\ISteamUser005.h
		common\open_steamworks\ISteamUser006.h = common\open_steamworks\ISteamUser006.h
		common\open_steamworks\ISteamUser007.h = common\open_steamworks\ISteamUser007.h
		common\open_steamworks\ISteamUser008.h = common\open_steamworks\ISteamUser008.h
		common\open_steamworks\ISteamUser009.h = common\open_steamworks\ISteamUser009.h
		common\open_steamworks\ISteamUser010.h = common\open_steamworks\ISteamUser010.h
		common\open_steamworks\ISteamUser011.h = common\open_steamworks\ISteamUser011.h
		common\open_steamworks\ISteamUser012.h = common\open_steamworks\ISteamUser012.h
		common\open_steamworks\ISteamUser013.h = common\open_steamworks\ISteamUser013.h
		common\open_steamworks\ISteamUser014.h = common\open_steamworks\ISteamUser014.h
		common\open_steamworks\ISteamUser015.h = common\open_steamworks\ISteamUser015.h
		common\open_steamworks\ISteamUser016.h = common\open_steamworks\ISteamUser016.h
		common\open_steamworks\ISteamUserStats001.h = common\open_steamworks\ISteamUserStats001.h
		common\open_steamworks\ISteamUserStats002.h = common\open_steamworks\ISteamUserStats002.h
		common\open_steamworks\ISteamUserStats003.h = common\open_steamworks\ISteamUserStats003.h
		common\open_steamworks\ISteamUserStats004.h = common\open_steamworks\ISteamUserStats004.h
		common\open_steamworks\ISteamUserStats005.h = common\open_steamworks\ISteamUserStats005.h
		common\open_steamworks\ISteamUserStats006.h = common\open_steamworks\ISteamUserStats006.h
		common\open_steamworks\ISteamUserStats007.h = common\open_steamworks\ISteamUserStats007.h
		common\open_steamworks\ISteamUserStats008.h = common\open_steamworks\ISteamUserStats008.h
		common\open_steamworks\ISteamUserStats009.h = common\open_steamworks\ISteamUserStats009.h
		common\open_steamworks\ISteamUserStats010.h = common\open_steamworks\ISteamUserStats010.h
		common\open_steamworks\ISteamUserStats011.h = common\open_steamworks\ISteamUserStats011.h
		common\open_steamworks\ISteamUtils001.h = common\open_steamworks\ISteamUtils001.h
		common\open_steamworks\ISteamUtils002.h = common\open_steamworks\ISteamUtils002.h
		common\open_steamworks\ISteamUtils003.h = common\open_steamworks\ISteamUtils003.h
		common\open_steamworks\ISteamUtils004.h = common\open_steamworks\ISteamUtils004.h
		common\open_steamworks\ISteamUtils005.h = common\open_steamworks\ISteamUtils005.h
		common\open_steamworks\MasterServerUpdaterCommon.h = common\open_steamworks\MasterServerUpdaterCommon.h
		common\open_steamworks\MatchmakingCommon.h = common\open_steamworks\MatchmakingCommon.h
		common\open_steamworks\MatchMakingKeyValuePair.h = common\open_steamworks\MatchMakingKeyValuePair.h
		common\open_steamworks\MatchmakingServersCommon.h = common\open_steamworks\MatchmakingServersCommon.h
		common\open_steamworks\NetworkingCommon.h = common\open_steamworks\NetworkingCommon.h
		common\open_steamworks\OAuthCommon.h = common\open_steamworks\OAuthCommon.h
		common\open_steamworks\POSIXLibrary.h = common\open_steamworks\POSIXLibrary.h
		common\open_steamworks\RemoteStorageCommon.h = common\open_steamworks\RemoteStorageCommon.h
		common\open_steamworks\ScreenshotsCommon.h = common\open_steamworks\ScreenshotsCommon.h
		common\open_steamworks\servernetadr.h = common\open_steamworks\servernetadr.h
		common\open_steamworks\Steam.h = common\open_steamworks\Steam.h
		common\open_steamworks\SteamAPI.h = common\open_steamworks\SteamAPI.h
		common\open_steamworks\Steamclient.h = common\open_steamworks\Steamclient.h
		common\open_steamworks\SteamclientAPI.h = common\open_steamworks\SteamclientAPI.h
		common\open_steamworks\SteamSalt.h = common\open_steamworks\SteamSalt.h
		common\open_steamworks\SteamTypes.h = common\open_steamworks\SteamTypes.h
		common\open_steamworks\Steamworks.h = common\open_steamworks\Steamworks.h
		common\open_steamworks\TSteamApp.h = common\open_steamworks\TSteamApp.h
		common\open_steamworks\TSteamAppDependencyInfo.h = common\open_steamworks\TSteamAppDependencyInfo.h
		common\open_steamworks\TSteamAppLaunchOption.h = common\open_steamworks\TSteamAppLaunchOption.h
		common\open_steamworks\TSteamAppStats.h = common\open_steamworks\TSteamAppStats.h
		common\open_steamworks\TSteamAppVersion.h = common\open_steamworks\TSteamAppVersion.h
		common\open_steamworks\TSteamDiscountQualifier.h = common\open_steamworks\TSteamDiscountQualifier.h
		common\open_steamworks\TSteamElemInfo.h = common\open_steamworks\TSteamElemInfo.h
		common\open_steamworks\TSteamError.h = common\open_steamworks\TSteamError.h
		common\open_steamworks\TSteamExternalBillingInfo.h = common\open_steamworks\TSteamExternalBillingInfo.h
		common\open_steamworks\TSteamGlobalUserID.h = common\open_steamworks\TSteamGlobalUserID.h
		common\open_steamworks\TSteamOfflineStatus.h = common\open_steamworks\TSteamOfflineStatus.h
		common\open_steamworks\TSteamPaymentCardInfo.h = common\open_steamworks\TSteamPaymentCardInfo.h
		common\open_steamworks\TSteamPaymentCardReceiptInfo.h = common\open_steamworks\TSteamPaymentCardReceiptInfo.h
		common\open_steamworks\TSteamPrepurchaseInfo.h = common\open_steamworks\TSteamPrepurchaseInfo.h
		common\open_steamworks\TSteamPrepurchaseReceiptInfo.h = common\open_steamworks\TSteamPrepurchaseReceiptInfo.h
		common\open_steamworks\TSteamProgress.h = common\open_steamworks\TSteamProgress.h
		common\open_steamworks\TSteamSplitLocalUserID.h = common\open_steamworks\TSteamSplitLocalUserID.h
		common\open_steamworks\TSteamSubscription.h = common\open_steamworks\TSteamSubscription.h
		common\open_steamworks\TSteamSubscriptionBillingInfo.h = common\open_steamworks\TSteamSubscriptionBillingInfo.h
		common\open_steamworks\TSteamSubscriptionDiscount.h = common\open_steamworks\TSteamSubscriptionDiscount.h
		common\open_steamworks\TSteamSubscriptionReceipt.h = common\open_steamworks\TSteamSubscriptionReceipt.h
		common\open_steamworks\TSteamSubscriptionStats.h = common\open_steamworks\TSteamSubscriptionStats.h
		common\open_steamworks\TSteamUpdateStats.h = common\open_steamworks\TSteamUpdateStats.h
		common\open_steamworks\UserCommon.h = common\open_steamworks\UserCommon.h
		common\open_steamworks\UserStatsCommon.h = common\open_steamworks\UserStatsCommon.h
		common\open_steamworks\UtilsCommon.h = common\open_steamworks\UtilsCommon.h
		common\open_steamworks\Win32Library.h = common\open_steamworks\Win32Library.h
	EndProjectSection
EndProject
Global
	GlobalSection(SolutionConfigurationPlatforms) = preSolution
		Debug|Win32 = Debug|Win32
		Release|Win32 = Release|Win32
	EndGlobalSection
	GlobalSection(ProjectConfigurationPlatforms) = postSolution
		{F43527EE-8AAC-423D-99C2-DFAA567904E1}.Debug|Win32.ActiveCfg = Debug|Win32
		{F43527EE-8AAC-423D-99C2-DFAA567904E1}.Debug|Win32.Build.0 = Debug|Win32
		{F43527EE-8AAC-423D-99C2-DFAA567904E1}.Release|Win32.ActiveCfg = Release|Win32
		{F43527EE-8AAC-423D-99C2-DFAA567904E1}.Release|Win32.Build.0 = Release|Win32
		{20CD0A53-492F-47F6-9B09-DC747D36DBD7}.Debug|Win32.ActiveCfg = Debug|Win32
		{20CD0A53-492F-47F6-9B09-DC747D36DBD7}.Debug|Win32.Build.0 = Debug|Win32
		{20CD0A53-492F-47F6-9B09-DC747D36DBD7}.Release|Win32.ActiveCfg = Release|Win32
		{20CD0A53-492F-47F6-9B09-DC747D36DBD7}.Release|Win32.Build.0 = Release|Win32
		{C86623B6-9005-48D3-B763-1AE4FCBD6957}.Debug|Win32.ActiveCfg = Debug|Win32
		{C86623B6-9005-48D3-B763-1AE4FCBD6957}.Debug|Win32.Build.0 = Debug|Win32
		{C86623B6-9005-48D3-B763-1AE4FCBD6957}.Release|Win32.ActiveCfg = Release|Win32
		{C86623B6-9005-48D3-B763-1AE4FCBD6957}.Release|Win32.Build.0 = Release|Win32
		{638E1C71-17E6-4D84-AF90-94B84B7CF9BB}.Debug|Win32.ActiveCfg = Debug|Win32
		{638E1C71-17E6-4D84-AF90-94B84B7CF9BB}.Debug|Win32.Build.0 = Debug|Win32
		{638E1C71-17E6-4D84-AF90-94B84B7CF9BB}.Release|Win32.ActiveCfg = Release|Win32
		{638E1C71-17E6-4D84-AF90-94B84B7CF9BB}.Release|Win32.Build.0 = Release|Win32
		{4C5AC96A-1470-4B90-B83B-57BC8B012A7C}.Debug|Win32.ActiveCfg = Debug|Win32
		{4C5AC96A-1470-4B90-B83B-57BC8B012A7C}.Debug|Win32.Build.0 = Debug|Win32
		{4C5AC96A-1470-4B90-B83B-57BC8B012A7C}.Release|Win32.ActiveCfg = Release|Win32
		{4C5AC96A-1470-4B90-B83B-57BC8B012A7C}.Release|Win32.Build.0 = Release|Win32
		{4C0B9686-0EBE-4D8C-A02C-B457A9B12503}.Debug|Win32.ActiveCfg = Debug|Win32
		{4C0B9686-0EBE-4D8C-A02C-B457A9B12503}.Debug|Win32.Build.0 = Debug|Win32
		{4C0B9686-0EBE-4D8C-A02C-B457A9B12503}.Release|Win32.ActiveCfg = Release|Win32
		{4C0B9686-0EBE-4D8C-A02C-B457A9B12503}.Release|Win32.Build.0 = Release|Win32
		{3E0CDF66-67D2-4B97-A909-0B1C806671C0}.Debug|Win32.ActiveCfg = Debug|Win32
		{3E0CDF66-67D2-4B97-A909-0B1C806671C0}.Debug|Win32.Build.0 = Debug|Win32
		{3E0CDF66-67D2-4B97-A909-0B1C806671C0}.Release|Win32.ActiveCfg = Release|Win32
		{3E0CDF66-67D2-4B97-A909-0B1C806671C0}.Release|Win32.Build.0 = Release|Win32
	EndGlobalSection
	GlobalSection(SolutionProperties) = preSolution
		HideSolutionNode = FALSE
	EndGlobalSection
	GlobalSection(NestedProjects) = preSolution
		{93B5B338-B359-4E64-919C-30F3993E3F18} = {1A5B6E99-C498-4D1B-9BE9-A57C26BDED0B}
		{4A5C6A45-C8F8-4912-8C16-6717F9A66369} = {1A5B6E99-C498-4D1B-9BE9-A57C26BDED0B}
	EndGlobalSection
EndGlobal
