
Microsoft Visual Studio Solution File, Format Version 12.00
# Visual Studio 2012
Project("{8BC9CEB8-8B4A-11D0-8D11-00A0C91BC942}") = "SizzlingStats", "SizzlingStats\SizzlingStats.vcxproj", "{F43527EE-8AAC-423D-99C2-DFAA567904E1}"
	ProjectSection(ProjectDependencies) = postProject
		{20CD0A53-492F-47F6-9B09-DC747D36DBD7} = {20CD0A53-492F-47F6-9B09-DC747D36DBD7}
	EndProjectSection
EndProject
Project("{8BC9CEB8-8B4A-11D0-8D11-00A0C91BC942}") = "SizzlingLib", "SizzlingLib\SizzlingLib.vcxproj", "{20CD0A53-492F-47F6-9B09-DC747D36DBD7}"
EndProject
Project("{8BC9CEB8-8B4A-11D0-8D11-00A0C91BC942}") = "autotimer", "Auto-Timer\Auto-Timer.vcxproj", "{C86623B6-9005-48D3-B763-1AE4FCBD6957}"
	ProjectSection(ProjectDependencies) = postProject
		{20CD0A53-492F-47F6-9B09-DC747D36DBD7} = {20CD0A53-492F-47F6-9B09-DC747D36DBD7}
	EndProjectSection
EndProject
Project("{8BC9CEB8-8B4A-11D0-8D11-00A0C91BC942}") = "sizzlingmatches", "sizzlingmatches\sizzlingmatches.vcxproj", "{638E1C71-17E6-4D84-AF90-94B84B7CF9BB}"
	ProjectSection(ProjectDependencies) = postProject
		{20CD0A53-492F-47F6-9B09-DC747D36DBD7} = {20CD0A53-492F-47F6-9B09-DC747D36DBD7}
	EndProjectSection
EndProject
Project("{8BC9CEB8-8B4A-11D0-8D11-00A0C91BC942}") = "supplementalstats", "supplementalstats\supplementalstats.vcxproj", "{4C5AC96A-1470-4B90-B83B-57BC8B012A7C}"
EndProject
Project("{8BC9CEB8-8B4A-11D0-8D11-00A0C91BC942}") = "new plugin interface", "new plugin interface\new plugin interface.vcxproj", "{4C0B9686-0EBE-4D8C-A02C-B457A9B12503}"
EndProject
Global
	GlobalSection(SolutionConfigurationPlatforms) = preSolution
		Debug|Win32 = Debug|Win32
		Release|Win32 = Release|Win32
	EndGlobalSection
	GlobalSection(ProjectConfigurationPlatforms) = postSolution
		{20CD0A53-492F-47F6-9B09-DC747D36DBD7}.Debug|Win32.ActiveCfg = Debug|Win32
		{20CD0A53-492F-47F6-9B09-DC747D36DBD7}.Debug|Win32.Build.0 = Debug|Win32
		{20CD0A53-492F-47F6-9B09-DC747D36DBD7}.Release|Win32.ActiveCfg = Release|Win32
		{20CD0A53-492F-47F6-9B09-DC747D36DBD7}.Release|Win32.Build.0 = Release|Win32
		{4C0B9686-0EBE-4D8C-A02C-B457A9B12503}.Debug|Win32.ActiveCfg = Debug|Win32
		{4C0B9686-0EBE-4D8C-A02C-B457A9B12503}.Debug|Win32.Build.0 = Debug|Win32
		{4C0B9686-0EBE-4D8C-A02C-B457A9B12503}.Release|Win32.ActiveCfg = Release|Win32
		{4C0B9686-0EBE-4D8C-A02C-B457A9B12503}.Release|Win32.Build.0 = Release|Win32
		{4C5AC96A-1470-4B90-B83B-57BC8B012A7C}.Debug|Win32.ActiveCfg = Debug|Win32
		{4C5AC96A-1470-4B90-B83B-57BC8B012A7C}.Debug|Win32.Build.0 = Debug|Win32
		{4C5AC96A-1470-4B90-B83B-57BC8B012A7C}.Release|Win32.ActiveCfg = Release|Win32
		{4C5AC96A-1470-4B90-B83B-57BC8B012A7C}.Release|Win32.Build.0 = Release|Win32
		{638E1C71-17E6-4D84-AF90-94B84B7CF9BB}.Debug|Win32.ActiveCfg = Debug|Win32
		{638E1C71-17E6-4D84-AF90-94B84B7CF9BB}.Debug|Win32.Build.0 = Debug|Win32
		{638E1C71-17E6-4D84-AF90-94B84B7CF9BB}.Release|Win32.ActiveCfg = Release|Win32
		{638E1C71-17E6-4D84-AF90-94B84B7CF9BB}.Release|Win32.Build.0 = Release|Win32
		{C86623B6-9005-48D3-B763-1AE4FCBD6957}.Debug|Win32.ActiveCfg = Debug|Win32
		{C86623B6-9005-48D3-B763-1AE4FCBD6957}.Debug|Win32.Build.0 = Debug|Win32
		{C86623B6-9005-48D3-B763-1AE4FCBD6957}.Release|Win32.ActiveCfg = Release|Win32
		{C86623B6-9005-48D3-B763-1AE4FCBD6957}.Release|Win32.Build.0 = Release|Win32
		{F43527EE-8AAC-423D-99C2-DFAA567904E1}.Debug|Win32.ActiveCfg = Debug|Win32
		{F43527EE-8AAC-423D-99C2-DFAA567904E1}.Debug|Win32.Build.0 = Debug|Win32
		{F43527EE-8AAC-423D-99C2-DFAA567904E1}.Release|Win32.ActiveCfg = Release|Win32
		{F43527EE-8AAC-423D-99C2-DFAA567904E1}.Release|Win32.Build.0 = Release|Win32
	EndGlobalSection
	GlobalSection(SolutionProperties) = preSolution
		HideSolutionNode = FALSE
	EndGlobalSection
EndGlobal
