
Microsoft Visual Studio Solution File, Format Version 12.00
# Visual Studio 2012
Project("{8BC9CEB8-8B4A-11D0-8D11-00A0C91BC942}") = "SizzlingStats", "SizzlingStats\SizzlingStats.vcxproj", "{F43527EE-8AAC-423D-99C2-DFAA567904E1}"
	ProjectSection(ProjectDependencies) = postProject
		{A2204530-E4D5-497C-B79C-BE0A7ED4FF42} = {A2204530-E4D5-497C-B79C-BE0A7ED4FF42}
		{20CD0A53-492F-47F6-9B09-DC747D36DBD7} = {20CD0A53-492F-47F6-9B09-DC747D36DBD7}
	EndProjectSection
EndProject
Project("{8BC9CEB8-8B4A-11D0-8D11-00A0C91BC942}") = "SizzlingLib", "SizzlingLib\SizzlingLib.vcxproj", "{20CD0A53-492F-47F6-9B09-DC747D36DBD7}"
	ProjectSection(ProjectDependencies) = postProject
		{C3AAF454-B5C3-4BB3-885F-738E467BBD7F} = {C3AAF454-B5C3-4BB3-885F-738E467BBD7F}
	EndProjectSection
EndProject
Project("{8BC9CEB8-8B4A-11D0-8D11-00A0C91BC942}") = "autotimer", "Auto-Timer\Auto-Timer.vcxproj", "{C86623B6-9005-48D3-B763-1AE4FCBD6957}"
	ProjectSection(ProjectDependencies) = postProject
		{20CD0A53-492F-47F6-9B09-DC747D36DBD7} = {20CD0A53-492F-47F6-9B09-DC747D36DBD7}
	EndProjectSection
EndProject
Project("{8BC9CEB8-8B4A-11D0-8D11-00A0C91BC942}") = "sizzlingmatches", "sizzlingmatches\sizzlingmatches.vcxproj", "{638E1C71-17E6-4D84-AF90-94B84B7CF9BB}"
	ProjectSection(ProjectDependencies) = postProject
		{20CD0A53-492F-47F6-9B09-DC747D36DBD7} = {20CD0A53-492F-47F6-9B09-DC747D36DBD7}
	EndProjectSection
EndProject
Project("{8BC9CEB8-8B4A-11D0-8D11-00A0C91BC942}") = "new plugin interface", "new plugin interface\new plugin interface.vcxproj", "{4C0B9686-0EBE-4D8C-A02C-B457A9B12503}"
	ProjectSection(ProjectDependencies) = postProject
		{20CD0A53-492F-47F6-9B09-DC747D36DBD7} = {20CD0A53-492F-47F6-9B09-DC747D36DBD7}
	EndProjectSection
EndProject
Project("{2150E333-8FDC-42A3-9474-1A3956D46DE8}") = "common", "common", "{1A5B6E99-C498-4D1B-9BE9-A57C26BDED0B}"
	ProjectSection(SolutionItems) = preProject
		common\SteamGameServer.h = common\SteamGameServer.h
		common\StructPrinter.h = common\StructPrinter.h
		common\teamplay_gamerule_states.h = common\teamplay_gamerule_states.h
		common\ThreadFunctorQueue.h = common\ThreadFunctorQueue.h
		common\Thunk.h = common\Thunk.h
	EndProjectSection
EndProject
Project("{8BC9CEB8-8B4A-11D0-8D11-00A0C91BC942}") = "SizzlingRecord", "SizzlingRecord\SizzlingRecord.vcxproj", "{3E0CDF66-67D2-4B97-A909-0B1C806671C0}"
	ProjectSection(ProjectDependencies) = postProject
		{20CD0A53-492F-47F6-9B09-DC747D36DBD7} = {20CD0A53-492F-47F6-9B09-DC747D36DBD7}
	EndProjectSection
EndProject
Project("{2150E333-8FDC-42A3-9474-1A3956D46DE8}") = "external", "external", "{06CBF9EC-C927-44AF-8E83-60AC1034DA4C}"
EndProject
Project("{2150E333-8FDC-42A3-9474-1A3956D46DE8}") = "open_steamworks", "open_steamworks", "{7627B7C6-79EC-4EE6-8F96-8FBE54D9C561}"
	ProjectSection(SolutionItems) = preProject
		external\open_steamworks\AppsCommon.h = external\open_steamworks\AppsCommon.h
		external\open_steamworks\AppTicketCommon.h = external\open_steamworks\AppTicketCommon.h
		external\open_steamworks\BillingCommon.h = external\open_steamworks\BillingCommon.h
		external\open_steamworks\BridgeCommon.h = external\open_steamworks\BridgeCommon.h
		external\open_steamworks\CCallback.h = external\open_steamworks\CCallback.h
		external\open_steamworks\CGameID.h = external\open_steamworks\CGameID.h
		external\open_steamworks\ClientCommon.h = external\open_steamworks\ClientCommon.h
		external\open_steamworks\ContentServerCommon.h = external\open_steamworks\ContentServerCommon.h
		external\open_steamworks\CSteamAPIContext.h = external\open_steamworks\CSteamAPIContext.h
		external\open_steamworks\CSteamID.h = external\open_steamworks\CSteamID.h
		external\open_steamworks\ECurrencyCode.h = external\open_steamworks\ECurrencyCode.h
		external\open_steamworks\EResult.h = external\open_steamworks\EResult.h
		external\open_steamworks\ESteamAppUpdateStatsQueryType.h = external\open_steamworks\ESteamAppUpdateStatsQueryType.h
		external\open_steamworks\ESteamBufferMethod.h = external\open_steamworks\ESteamBufferMethod.h
		external\open_steamworks\ESteamError.h = external\open_steamworks\ESteamError.h
		external\open_steamworks\ESteamFindFilter.h = external\open_steamworks\ESteamFindFilter.h
		external\open_steamworks\ESteamNotify.h = external\open_steamworks\ESteamNotify.h
		external\open_steamworks\ESteamPaymentCardType.h = external\open_steamworks\ESteamPaymentCardType.h
		external\open_steamworks\ESteamSeekMethod.h = external\open_steamworks\ESteamSeekMethod.h
		external\open_steamworks\ESteamServerType.h = external\open_steamworks\ESteamServerType.h
		external\open_steamworks\ESteamSubscriptionBillingInfoType.h = external\open_steamworks\ESteamSubscriptionBillingInfoType.h
		external\open_steamworks\ESteamSubscriptionStatus.h = external\open_steamworks\ESteamSubscriptionStatus.h
		external\open_steamworks\EVoiceResult.h = external\open_steamworks\EVoiceResult.h
		external\open_steamworks\FriendGameInfo.h = external\open_steamworks\FriendGameInfo.h
		external\open_steamworks\FriendsCommon.h = external\open_steamworks\FriendsCommon.h
		external\open_steamworks\GameCoordinatorCommon.h = external\open_steamworks\GameCoordinatorCommon.h
		external\open_steamworks\GameServerCommon.h = external\open_steamworks\GameServerCommon.h
		external\open_steamworks\gameserveritem.h = external\open_steamworks\gameserveritem.h
		external\open_steamworks\GameServerStatsCommon.h = external\open_steamworks\GameServerStatsCommon.h
		external\open_steamworks\GameStatsCommon.h = external\open_steamworks\GameStatsCommon.h
		external\open_steamworks\HTTPCommon.h = external\open_steamworks\HTTPCommon.h
		external\open_steamworks\IClientAppManager.h = external\open_steamworks\IClientAppManager.h
		external\open_steamworks\IClientApps.h = external\open_steamworks\IClientApps.h
		external\open_steamworks\IClientAudio.h = external\open_steamworks\IClientAudio.h
		external\open_steamworks\IClientBilling.h = external\open_steamworks\IClientBilling.h
		external\open_steamworks\IClientConfigStore.h = external\open_steamworks\IClientConfigStore.h
		external\open_steamworks\IClientContentServer.h = external\open_steamworks\IClientContentServer.h
		external\open_steamworks\IClientDepotBuilder.h = external\open_steamworks\IClientDepotBuilder.h
		external\open_steamworks\IClientEngine.h = external\open_steamworks\IClientEngine.h
		external\open_steamworks\IClientFriends.h = external\open_steamworks\IClientFriends.h
		external\open_steamworks\IClientGameCoordinator.h = external\open_steamworks\IClientGameCoordinator.h
		external\open_steamworks\IClientGameServer.h = external\open_steamworks\IClientGameServer.h
		external\open_steamworks\IClientGameServerStats.h = external\open_steamworks\IClientGameServerStats.h
		external\open_steamworks\IClientGameStats.h = external\open_steamworks\IClientGameStats.h
		external\open_steamworks\IClientHTTP.h = external\open_steamworks\IClientHTTP.h
		external\open_steamworks\IClientMasterServerUpdater.h = external\open_steamworks\IClientMasterServerUpdater.h
		external\open_steamworks\IClientMatchmaking.h = external\open_steamworks\IClientMatchmaking.h
		external\open_steamworks\IClientMatchmakingServers.h = external\open_steamworks\IClientMatchmakingServers.h
		external\open_steamworks\IClientNetworking.h = external\open_steamworks\IClientNetworking.h
		external\open_steamworks\IClientRemoteStorage.h = external\open_steamworks\IClientRemoteStorage.h
		external\open_steamworks\IClientScreenshots.h = external\open_steamworks\IClientScreenshots.h
		external\open_steamworks\IClientUser.h = external\open_steamworks\IClientUser.h
		external\open_steamworks\IClientUserStats.h = external\open_steamworks\IClientUserStats.h
		external\open_steamworks\IClientUtils.h = external\open_steamworks\IClientUtils.h
		external\open_steamworks\Interface_OSW.h = external\open_steamworks\Interface_OSW.h
		external\open_steamworks\ISteam003.h = external\open_steamworks\ISteam003.h
		external\open_steamworks\ISteam004.h = external\open_steamworks\ISteam004.h
		external\open_steamworks\ISteam005.h = external\open_steamworks\ISteam005.h
		external\open_steamworks\ISteam006.h = external\open_steamworks\ISteam006.h
		external\open_steamworks\ISteam2Bridge001.h = external\open_steamworks\ISteam2Bridge001.h
		external\open_steamworks\ISteam2Bridge002.h = external\open_steamworks\ISteam2Bridge002.h
		external\open_steamworks\ISteamApps001.h = external\open_steamworks\ISteamApps001.h
		external\open_steamworks\ISteamApps002.h = external\open_steamworks\ISteamApps002.h
		external\open_steamworks\ISteamApps003.h = external\open_steamworks\ISteamApps003.h
		external\open_steamworks\ISteamApps004.h = external\open_steamworks\ISteamApps004.h
		external\open_steamworks\ISteamApps005.h = external\open_steamworks\ISteamApps005.h
		external\open_steamworks\ISteamAppTicket001.h = external\open_steamworks\ISteamAppTicket001.h
		external\open_steamworks\ISteamBilling001.h = external\open_steamworks\ISteamBilling001.h
		external\open_steamworks\ISteamBilling002.h = external\open_steamworks\ISteamBilling002.h
		external\open_steamworks\ISteamClient006.h = external\open_steamworks\ISteamClient006.h
		external\open_steamworks\ISteamClient007.h = external\open_steamworks\ISteamClient007.h
		external\open_steamworks\ISteamClient008.h = external\open_steamworks\ISteamClient008.h
		external\open_steamworks\ISteamClient009.h = external\open_steamworks\ISteamClient009.h
		external\open_steamworks\ISteamClient010.h = external\open_steamworks\ISteamClient010.h
		external\open_steamworks\ISteamClient011.h = external\open_steamworks\ISteamClient011.h
		external\open_steamworks\ISteamClient012.h = external\open_steamworks\ISteamClient012.h
		external\open_steamworks\ISteamContentServer001.h = external\open_steamworks\ISteamContentServer001.h
		external\open_steamworks\ISteamContentServer002.h = external\open_steamworks\ISteamContentServer002.h
		external\open_steamworks\ISteamFriends001.h = external\open_steamworks\ISteamFriends001.h
		external\open_steamworks\ISteamFriends002.h = external\open_steamworks\ISteamFriends002.h
		external\open_steamworks\ISteamFriends003.h = external\open_steamworks\ISteamFriends003.h
		external\open_steamworks\ISteamFriends004.h = external\open_steamworks\ISteamFriends004.h
		external\open_steamworks\ISteamFriends005.h = external\open_steamworks\ISteamFriends005.h
		external\open_steamworks\ISteamFriends006.h = external\open_steamworks\ISteamFriends006.h
		external\open_steamworks\ISteamFriends007.h = external\open_steamworks\ISteamFriends007.h
		external\open_steamworks\ISteamFriends008.h = external\open_steamworks\ISteamFriends008.h
		external\open_steamworks\ISteamFriends009.h = external\open_steamworks\ISteamFriends009.h
		external\open_steamworks\ISteamFriends010.h = external\open_steamworks\ISteamFriends010.h
		external\open_steamworks\ISteamFriends011.h = external\open_steamworks\ISteamFriends011.h
		external\open_steamworks\ISteamFriends012.h = external\open_steamworks\ISteamFriends012.h
		external\open_steamworks\ISteamFriends013.h = external\open_steamworks\ISteamFriends013.h
		external\open_steamworks\ISteamGameCoordinator001.h = external\open_steamworks\ISteamGameCoordinator001.h
		external\open_steamworks\ISteamGameServer002.h = external\open_steamworks\ISteamGameServer002.h
		external\open_steamworks\ISteamGameServer003.h = external\open_steamworks\ISteamGameServer003.h
		external\open_steamworks\ISteamGameServer004.h = external\open_steamworks\ISteamGameServer004.h
		external\open_steamworks\ISteamGameServer005.h = external\open_steamworks\ISteamGameServer005.h
		external\open_steamworks\ISteamGameServer006.h = external\open_steamworks\ISteamGameServer006.h
		external\open_steamworks\ISteamGameServer007.h = external\open_steamworks\ISteamGameServer007.h
		external\open_steamworks\ISteamGameServer008.h = external\open_steamworks\ISteamGameServer008.h
		external\open_steamworks\ISteamGameServer009.h = external\open_steamworks\ISteamGameServer009.h
		external\open_steamworks\ISteamGameServer010.h = external\open_steamworks\ISteamGameServer010.h
		external\open_steamworks\ISteamGameServer011.h = external\open_steamworks\ISteamGameServer011.h
		external\open_steamworks\ISteamGameServerStats001.h = external\open_steamworks\ISteamGameServerStats001.h
		external\open_steamworks\ISteamGameStats001.h = external\open_steamworks\ISteamGameStats001.h
		external\open_steamworks\ISteamHTTP001.h = external\open_steamworks\ISteamHTTP001.h
		external\open_steamworks\ISteamHTTP002.h = external\open_steamworks\ISteamHTTP002.h
		external\open_steamworks\ISteamMasterServerUpdater001.h = external\open_steamworks\ISteamMasterServerUpdater001.h
		external\open_steamworks\ISteamMatchmaking001.h = external\open_steamworks\ISteamMatchmaking001.h
		external\open_steamworks\ISteamMatchmaking002.h = external\open_steamworks\ISteamMatchmaking002.h
		external\open_steamworks\ISteamMatchmaking003.h = external\open_steamworks\ISteamMatchmaking003.h
		external\open_steamworks\ISteamMatchmaking004.h = external\open_steamworks\ISteamMatchmaking004.h
		external\open_steamworks\ISteamMatchmaking005.h = external\open_steamworks\ISteamMatchmaking005.h
		external\open_steamworks\ISteamMatchmaking006.h = external\open_steamworks\ISteamMatchmaking006.h
		external\open_steamworks\ISteamMatchmaking007.h = external\open_steamworks\ISteamMatchmaking007.h
		external\open_steamworks\ISteamMatchmaking008.h = external\open_steamworks\ISteamMatchmaking008.h
		external\open_steamworks\ISteamMatchmaking009.h = external\open_steamworks\ISteamMatchmaking009.h
		external\open_steamworks\ISteamMatchmakingServers001.h = external\open_steamworks\ISteamMatchmakingServers001.h
		external\open_steamworks\ISteamMatchmakingServers002.h = external\open_steamworks\ISteamMatchmakingServers002.h
		external\open_steamworks\ISteamNetworking001.h = external\open_steamworks\ISteamNetworking001.h
		external\open_steamworks\ISteamNetworking002.h = external\open_steamworks\ISteamNetworking002.h
		external\open_steamworks\ISteamNetworking003.h = external\open_steamworks\ISteamNetworking003.h
		external\open_steamworks\ISteamNetworking004.h = external\open_steamworks\ISteamNetworking004.h
		external\open_steamworks\ISteamNetworking005.h = external\open_steamworks\ISteamNetworking005.h
		external\open_steamworks\ISteamOAuth001.h = external\open_steamworks\ISteamOAuth001.h
		external\open_steamworks\ISteamRemoteStorage001.h = external\open_steamworks\ISteamRemoteStorage001.h
		external\open_steamworks\ISteamRemoteStorage002.h = external\open_steamworks\ISteamRemoteStorage002.h
		external\open_steamworks\ISteamRemoteStorage003.h = external\open_steamworks\ISteamRemoteStorage003.h
		external\open_steamworks\ISteamRemoteStorage004.h = external\open_steamworks\ISteamRemoteStorage004.h
		external\open_steamworks\ISteamRemoteStorage005.h = external\open_steamworks\ISteamRemoteStorage005.h
		external\open_steamworks\ISteamRemoteStorage006.h = external\open_steamworks\ISteamRemoteStorage006.h
		external\open_steamworks\ISteamRemoteStorage007.h = external\open_steamworks\ISteamRemoteStorage007.h
		external\open_steamworks\ISteamRemoteStorage008.h = external\open_steamworks\ISteamRemoteStorage008.h
		external\open_steamworks\ISteamRemoteStorage009.h = external\open_steamworks\ISteamRemoteStorage009.h
		external\open_steamworks\ISteamRemoteStorage010.h = external\open_steamworks\ISteamRemoteStorage010.h
		external\open_steamworks\ISteamScreenshots001.h = external\open_steamworks\ISteamScreenshots001.h
		external\open_steamworks\ISteamUser004.h = external\open_steamworks\ISteamUser004.h
		external\open_steamworks\ISteamUser005.h = external\open_steamworks\ISteamUser005.h
		external\open_steamworks\ISteamUser006.h = external\open_steamworks\ISteamUser006.h
		external\open_steamworks\ISteamUser007.h = external\open_steamworks\ISteamUser007.h
		external\open_steamworks\ISteamUser008.h = external\open_steamworks\ISteamUser008.h
		external\open_steamworks\ISteamUser009.h = external\open_steamworks\ISteamUser009.h
		external\open_steamworks\ISteamUser010.h = external\open_steamworks\ISteamUser010.h
		external\open_steamworks\ISteamUser011.h = external\open_steamworks\ISteamUser011.h
		external\open_steamworks\ISteamUser012.h = external\open_steamworks\ISteamUser012.h
		external\open_steamworks\ISteamUser013.h = external\open_steamworks\ISteamUser013.h
		external\open_steamworks\ISteamUser014.h = external\open_steamworks\ISteamUser014.h
		external\open_steamworks\ISteamUser015.h = external\open_steamworks\ISteamUser015.h
		external\open_steamworks\ISteamUser016.h = external\open_steamworks\ISteamUser016.h
		external\open_steamworks\ISteamUserStats001.h = external\open_steamworks\ISteamUserStats001.h
		external\open_steamworks\ISteamUserStats002.h = external\open_steamworks\ISteamUserStats002.h
		external\open_steamworks\ISteamUserStats003.h = external\open_steamworks\ISteamUserStats003.h
		external\open_steamworks\ISteamUserStats004.h = external\open_steamworks\ISteamUserStats004.h
		external\open_steamworks\ISteamUserStats005.h = external\open_steamworks\ISteamUserStats005.h
		external\open_steamworks\ISteamUserStats006.h = external\open_steamworks\ISteamUserStats006.h
		external\open_steamworks\ISteamUserStats007.h = external\open_steamworks\ISteamUserStats007.h
		external\open_steamworks\ISteamUserStats008.h = external\open_steamworks\ISteamUserStats008.h
		external\open_steamworks\ISteamUserStats009.h = external\open_steamworks\ISteamUserStats009.h
		external\open_steamworks\ISteamUserStats010.h = external\open_steamworks\ISteamUserStats010.h
		external\open_steamworks\ISteamUserStats011.h = external\open_steamworks\ISteamUserStats011.h
		external\open_steamworks\ISteamUtils001.h = external\open_steamworks\ISteamUtils001.h
		external\open_steamworks\ISteamUtils002.h = external\open_steamworks\ISteamUtils002.h
		external\open_steamworks\ISteamUtils003.h = external\open_steamworks\ISteamUtils003.h
		external\open_steamworks\ISteamUtils004.h = external\open_steamworks\ISteamUtils004.h
		external\open_steamworks\ISteamUtils005.h = external\open_steamworks\ISteamUtils005.h
		external\open_steamworks\MasterServerUpdaterCommon.h = external\open_steamworks\MasterServerUpdaterCommon.h
		external\open_steamworks\MatchmakingCommon.h = external\open_steamworks\MatchmakingCommon.h
		external\open_steamworks\MatchMakingKeyValuePair.h = external\open_steamworks\MatchMakingKeyValuePair.h
		external\open_steamworks\MatchmakingServersCommon.h = external\open_steamworks\MatchmakingServersCommon.h
		external\open_steamworks\NetworkingCommon.h = external\open_steamworks\NetworkingCommon.h
		external\open_steamworks\OAuthCommon.h = external\open_steamworks\OAuthCommon.h
		external\open_steamworks\POSIXLibrary.h = external\open_steamworks\POSIXLibrary.h
		external\open_steamworks\RemoteStorageCommon.h = external\open_steamworks\RemoteStorageCommon.h
		external\open_steamworks\ScreenshotsCommon.h = external\open_steamworks\ScreenshotsCommon.h
		external\open_steamworks\servernetadr.h = external\open_steamworks\servernetadr.h
		external\open_steamworks\Steam.h = external\open_steamworks\Steam.h
		external\open_steamworks\SteamAPI.h = external\open_steamworks\SteamAPI.h
		external\open_steamworks\Steamclient.h = external\open_steamworks\Steamclient.h
		external\open_steamworks\SteamclientAPI.h = external\open_steamworks\SteamclientAPI.h
		external\open_steamworks\SteamSalt.h = external\open_steamworks\SteamSalt.h
		external\open_steamworks\SteamTypes.h = external\open_steamworks\SteamTypes.h
		external\open_steamworks\Steamworks.h = external\open_steamworks\Steamworks.h
		external\open_steamworks\TSteamApp.h = external\open_steamworks\TSteamApp.h
		external\open_steamworks\TSteamAppDependencyInfo.h = external\open_steamworks\TSteamAppDependencyInfo.h
		external\open_steamworks\TSteamAppLaunchOption.h = external\open_steamworks\TSteamAppLaunchOption.h
		external\open_steamworks\TSteamAppStats.h = external\open_steamworks\TSteamAppStats.h
		external\open_steamworks\TSteamAppVersion.h = external\open_steamworks\TSteamAppVersion.h
		external\open_steamworks\TSteamDiscountQualifier.h = external\open_steamworks\TSteamDiscountQualifier.h
		external\open_steamworks\TSteamElemInfo.h = external\open_steamworks\TSteamElemInfo.h
		external\open_steamworks\TSteamError.h = external\open_steamworks\TSteamError.h
		external\open_steamworks\TSteamExternalBillingInfo.h = external\open_steamworks\TSteamExternalBillingInfo.h
		external\open_steamworks\TSteamGlobalUserID.h = external\open_steamworks\TSteamGlobalUserID.h
		external\open_steamworks\TSteamOfflineStatus.h = external\open_steamworks\TSteamOfflineStatus.h
		external\open_steamworks\TSteamPaymentCardInfo.h = external\open_steamworks\TSteamPaymentCardInfo.h
		external\open_steamworks\TSteamPaymentCardReceiptInfo.h = external\open_steamworks\TSteamPaymentCardReceiptInfo.h
		external\open_steamworks\TSteamPrepurchaseInfo.h = external\open_steamworks\TSteamPrepurchaseInfo.h
		external\open_steamworks\TSteamPrepurchaseReceiptInfo.h = external\open_steamworks\TSteamPrepurchaseReceiptInfo.h
		external\open_steamworks\TSteamProgress.h = external\open_steamworks\TSteamProgress.h
		external\open_steamworks\TSteamSplitLocalUserID.h = external\open_steamworks\TSteamSplitLocalUserID.h
		external\open_steamworks\TSteamSubscription.h = external\open_steamworks\TSteamSubscription.h
		external\open_steamworks\TSteamSubscriptionBillingInfo.h = external\open_steamworks\TSteamSubscriptionBillingInfo.h
		external\open_steamworks\TSteamSubscriptionDiscount.h = external\open_steamworks\TSteamSubscriptionDiscount.h
		external\open_steamworks\TSteamSubscriptionReceipt.h = external\open_steamworks\TSteamSubscriptionReceipt.h
		external\open_steamworks\TSteamSubscriptionStats.h = external\open_steamworks\TSteamSubscriptionStats.h
		external\open_steamworks\TSteamUpdateStats.h = external\open_steamworks\TSteamUpdateStats.h
		external\open_steamworks\UserCommon.h = external\open_steamworks\UserCommon.h
		external\open_steamworks\UserStatsCommon.h = external\open_steamworks\UserStatsCommon.h
		external\open_steamworks\UtilsCommon.h = external\open_steamworks\UtilsCommon.h
		external\open_steamworks\Win32Library.h = external\open_steamworks\Win32Library.h
	EndProjectSection
EndProject
Project("{8BC9CEB8-8B4A-11D0-8D11-00A0C91BC942}") = "PolarSSL", "external\polarssl\PolarSSL.vcxproj", "{B474073B-D98E-438D-97C3-6D423E9F7F5E}"
EndProject
Project("{8BC9CEB8-8B4A-11D0-8D11-00A0C91BC942}") = "libcurl", "external\libcurl\libcurl.vcxproj", "{C3AAF454-B5C3-4BB3-885F-738E467BBD7F}"
	ProjectSection(ProjectDependencies) = postProject
		{B474073B-D98E-438D-97C3-6D423E9F7F5E} = {B474073B-D98E-438D-97C3-6D423E9F7F5E}
	EndProjectSection
EndProject
Project("{8BC9CEB8-8B4A-11D0-8D11-00A0C91BC942}") = "snappy", "external\google\snappy\snappy.vcxproj", "{A2204530-E4D5-497C-B79C-BE0A7ED4FF42}"
EndProject
Global
	GlobalSection(SolutionConfigurationPlatforms) = preSolution
		Debug|Win32 = Debug|Win32
		Debug|x64 = Debug|x64
		Release|Win32 = Release|Win32
		Release|x64 = Release|x64
	EndGlobalSection
	GlobalSection(ProjectConfigurationPlatforms) = postSolution
		{F43527EE-8AAC-423D-99C2-DFAA567904E1}.Debug|Win32.ActiveCfg = Debug|Win32
		{F43527EE-8AAC-423D-99C2-DFAA567904E1}.Debug|Win32.Build.0 = Debug|Win32
		{F43527EE-8AAC-423D-99C2-DFAA567904E1}.Debug|x64.ActiveCfg = Debug|Win32
		{F43527EE-8AAC-423D-99C2-DFAA567904E1}.Release|Win32.ActiveCfg = Release|Win32
		{F43527EE-8AAC-423D-99C2-DFAA567904E1}.Release|Win32.Build.0 = Release|Win32
		{F43527EE-8AAC-423D-99C2-DFAA567904E1}.Release|x64.ActiveCfg = Release|Win32
		{20CD0A53-492F-47F6-9B09-DC747D36DBD7}.Debug|Win32.ActiveCfg = Debug|Win32
		{20CD0A53-492F-47F6-9B09-DC747D36DBD7}.Debug|Win32.Build.0 = Debug|Win32
		{20CD0A53-492F-47F6-9B09-DC747D36DBD7}.Debug|x64.ActiveCfg = Debug|Win32
		{20CD0A53-492F-47F6-9B09-DC747D36DBD7}.Release|Win32.ActiveCfg = Release|Win32
		{20CD0A53-492F-47F6-9B09-DC747D36DBD7}.Release|Win32.Build.0 = Release|Win32
		{20CD0A53-492F-47F6-9B09-DC747D36DBD7}.Release|x64.ActiveCfg = Release|Win32
		{C86623B6-9005-48D3-B763-1AE4FCBD6957}.Debug|Win32.ActiveCfg = Debug|Win32
		{C86623B6-9005-48D3-B763-1AE4FCBD6957}.Debug|Win32.Build.0 = Debug|Win32
		{C86623B6-9005-48D3-B763-1AE4FCBD6957}.Debug|x64.ActiveCfg = Debug|Win32
		{C86623B6-9005-48D3-B763-1AE4FCBD6957}.Release|Win32.ActiveCfg = Release|Win32
		{C86623B6-9005-48D3-B763-1AE4FCBD6957}.Release|Win32.Build.0 = Release|Win32
		{C86623B6-9005-48D3-B763-1AE4FCBD6957}.Release|x64.ActiveCfg = Release|Win32
		{638E1C71-17E6-4D84-AF90-94B84B7CF9BB}.Debug|Win32.ActiveCfg = Debug|Win32
		{638E1C71-17E6-4D84-AF90-94B84B7CF9BB}.Debug|Win32.Build.0 = Debug|Win32
		{638E1C71-17E6-4D84-AF90-94B84B7CF9BB}.Debug|x64.ActiveCfg = Debug|Win32
		{638E1C71-17E6-4D84-AF90-94B84B7CF9BB}.Release|Win32.ActiveCfg = Release|Win32
		{638E1C71-17E6-4D84-AF90-94B84B7CF9BB}.Release|Win32.Build.0 = Release|Win32
		{638E1C71-17E6-4D84-AF90-94B84B7CF9BB}.Release|x64.ActiveCfg = Release|Win32
		{4C0B9686-0EBE-4D8C-A02C-B457A9B12503}.Debug|Win32.ActiveCfg = Debug|Win32
		{4C0B9686-0EBE-4D8C-A02C-B457A9B12503}.Debug|Win32.Build.0 = Debug|Win32
		{4C0B9686-0EBE-4D8C-A02C-B457A9B12503}.Debug|x64.ActiveCfg = Debug|Win32
		{4C0B9686-0EBE-4D8C-A02C-B457A9B12503}.Release|Win32.ActiveCfg = Release|Win32
		{4C0B9686-0EBE-4D8C-A02C-B457A9B12503}.Release|Win32.Build.0 = Release|Win32
		{4C0B9686-0EBE-4D8C-A02C-B457A9B12503}.Release|x64.ActiveCfg = Release|Win32
		{3E0CDF66-67D2-4B97-A909-0B1C806671C0}.Debug|Win32.ActiveCfg = Debug|Win32
		{3E0CDF66-67D2-4B97-A909-0B1C806671C0}.Debug|Win32.Build.0 = Debug|Win32
		{3E0CDF66-67D2-4B97-A909-0B1C806671C0}.Debug|x64.ActiveCfg = Debug|Win32
		{3E0CDF66-67D2-4B97-A909-0B1C806671C0}.Release|Win32.ActiveCfg = Release|Win32
		{3E0CDF66-67D2-4B97-A909-0B1C806671C0}.Release|Win32.Build.0 = Release|Win32
		{3E0CDF66-67D2-4B97-A909-0B1C806671C0}.Release|x64.ActiveCfg = Release|Win32
		{B474073B-D98E-438D-97C3-6D423E9F7F5E}.Debug|Win32.ActiveCfg = Debug|Win32
		{B474073B-D98E-438D-97C3-6D423E9F7F5E}.Debug|Win32.Build.0 = Debug|Win32
		{B474073B-D98E-438D-97C3-6D423E9F7F5E}.Debug|x64.ActiveCfg = Debug|Win32
		{B474073B-D98E-438D-97C3-6D423E9F7F5E}.Release|Win32.ActiveCfg = Release|Win32
		{B474073B-D98E-438D-97C3-6D423E9F7F5E}.Release|Win32.Build.0 = Release|Win32
		{B474073B-D98E-438D-97C3-6D423E9F7F5E}.Release|x64.ActiveCfg = Release|Win32
		{C3AAF454-B5C3-4BB3-885F-738E467BBD7F}.Debug|Win32.ActiveCfg = Debug|Win32
		{C3AAF454-B5C3-4BB3-885F-738E467BBD7F}.Debug|Win32.Build.0 = Debug|Win32
		{C3AAF454-B5C3-4BB3-885F-738E467BBD7F}.Debug|x64.ActiveCfg = Debug|Win32
		{C3AAF454-B5C3-4BB3-885F-738E467BBD7F}.Release|Win32.ActiveCfg = Release|Win32
		{C3AAF454-B5C3-4BB3-885F-738E467BBD7F}.Release|Win32.Build.0 = Release|Win32
		{C3AAF454-B5C3-4BB3-885F-738E467BBD7F}.Release|x64.ActiveCfg = Release|Win32
		{A2204530-E4D5-497C-B79C-BE0A7ED4FF42}.Debug|Win32.ActiveCfg = Debug|Win32
		{A2204530-E4D5-497C-B79C-BE0A7ED4FF42}.Debug|Win32.Build.0 = Debug|Win32
		{A2204530-E4D5-497C-B79C-BE0A7ED4FF42}.Debug|x64.ActiveCfg = Debug|Win32
		{A2204530-E4D5-497C-B79C-BE0A7ED4FF42}.Release|Win32.ActiveCfg = Release|Win32
		{A2204530-E4D5-497C-B79C-BE0A7ED4FF42}.Release|Win32.Build.0 = Release|Win32
		{A2204530-E4D5-497C-B79C-BE0A7ED4FF42}.Release|x64.ActiveCfg = Release|Win32
	EndGlobalSection
	GlobalSection(SolutionProperties) = preSolution
		HideSolutionNode = FALSE
	EndGlobalSection
	GlobalSection(NestedProjects) = preSolution
		{7627B7C6-79EC-4EE6-8F96-8FBE54D9C561} = {06CBF9EC-C927-44AF-8E83-60AC1034DA4C}
		{B474073B-D98E-438D-97C3-6D423E9F7F5E} = {06CBF9EC-C927-44AF-8E83-60AC1034DA4C}
		{C3AAF454-B5C3-4BB3-885F-738E467BBD7F} = {06CBF9EC-C927-44AF-8E83-60AC1034DA4C}
		{A2204530-E4D5-497C-B79C-BE0A7ED4FF42} = {06CBF9EC-C927-44AF-8E83-60AC1034DA4C}
	EndGlobalSection
EndGlobal
