<?xml version="1.0" encoding="utf-8"?>
<Project ToolsVersion="4.0" xmlns="http://schemas.microsoft.com/developer/msbuild/2003">
  <ItemGroup>
    <Filter Include="Source Files">
      <UniqueIdentifier>{4FC737F1-C7A5-4376-A066-2A32D752A2FF}</UniqueIdentifier>
      <Extensions>cpp;c;cc;cxx;def;odl;idl;hpj;bat;asm;asmx</Extensions>
    </Filter>
    <Filter Include="Header Files">
      <UniqueIdentifier>{93995380-89BD-4b04-88EB-625FBE52EBFB}</UniqueIdentifier>
      <Extensions>h;hpp;hxx;hm;inl;inc;xsd</Extensions>
    </Filter>
    <Filter Include="Resource Files">
      <UniqueIdentifier>{67DA6AB6-F800-4c08-8B7A-83BB121AAD01}</UniqueIdentifier>
      <Extensions>rc;ico;cur;bmp;dlg;rc2;rct;bin;rgs;gif;jpg;jpeg;jpe;resx;tiff;tif;png;wav;mfcribbon-ms</Extensions>
    </Filter>
  </ItemGroup>
  <ItemGroup>
    <ClCompile Include="autoupdate.cpp">
      <Filter>Source Files</Filter>
    </ClCompile>
    <ClCompile Include="downloader.cpp">
      <Filter>Source Files</Filter>
    </ClCompile>
    <ClCompile Include="FtpUploader.cpp">
      <Filter>Source Files</Filter>
    </ClCompile>
    <ClCompile Include="HtmlGenerator.cpp">
      <Filter>Source Files</Filter>
    </ClCompile>
    <ClCompile Include="MRecipientFilter.cpp">
      <Filter>Source Files</Filter>
    </ClCompile>
    <ClCompile Include="playerdata.cpp">
      <Filter>Source Files</Filter>
    </ClCompile>
    <ClCompile Include="PlayerMessage.cpp">
      <Filter>Source Files</Filter>
    </ClCompile>
    <ClCompile Include="SC_helpers.cpp">
      <Filter>Source Files</Filter>
    </ClCompile>
    <ClCompile Include="ServerPluginHandler.cpp">
      <Filter>Source Files</Filter>
    </ClCompile>
    <ClCompile Include="SizzFileSystem.cpp">
      <Filter>Source Files</Filter>
    </ClCompile>
    <ClCompile Include="SRecipientFilter.cpp">
      <Filter>Source Files</Filter>
    </ClCompile>
    <ClCompile Include="ThreadCallQueue.cpp">
      <Filter>Source Files</Filter>
    </ClCompile>
    <ClCompile Include="UserIdTracker.cpp">
      <Filter>Source Files</Filter>
    </ClCompile>
    <ClCompile Include="JsonUtils.cpp">
      <Filter>Source Files</Filter>
    </ClCompile>
  </ItemGroup>
  <ItemGroup>
    <ClInclude Include="include\autoupdate.h">
      <Filter>Header Files</Filter>
    </ClInclude>
    <ClInclude Include="include\CommandCallback.h">
      <Filter>Header Files</Filter>
    </ClInclude>
    <ClInclude Include="include\downloader.h">
      <Filter>Header Files</Filter>
    </ClInclude>
    <ClInclude Include="include\EventQueue.h">
      <Filter>Header Files</Filter>
    </ClInclude>
    <ClInclude Include="include\FtpUploader.h">
      <Filter>Header Files</Filter>
    </ClInclude>
    <ClInclude Include="include\HtmlGenerator.h">
      <Filter>Header Files</Filter>
    </ClInclude>
    <ClInclude Include="include\HttpPost.h">
      <Filter>Header Files</Filter>
    </ClInclude>
    <ClInclude Include="include\MRecipientFilter.h">
      <Filter>Header Files</Filter>
    </ClInclude>
    <ClInclude Include="include\playerdata.h">
      <Filter>Header Files</Filter>
    </ClInclude>
    <ClInclude Include="include\PlayerDataManager.h">
      <Filter>Header Files</Filter>
    </ClInclude>
    <ClInclude Include="include\PlayerMessage.h">
      <Filter>Header Files</Filter>
    </ClInclude>
    <ClInclude Include="include\PlayerPostData.h">
      <Filter>Header Files</Filter>
    </ClInclude>
    <ClInclude Include="include\SC_helpers.h">
      <Filter>Header Files</Filter>
    </ClInclude>
    <ClInclude Include="include\ServerPluginHandler.h">
      <Filter>Header Files</Filter>
    </ClInclude>
    <ClInclude Include="include\SizzFileSystem.h">
      <Filter>Header Files</Filter>
    </ClInclude>
    <ClInclude Include="include\SRecipientFilter.h">
      <Filter>Header Files</Filter>
    </ClInclude>
    <ClInclude Include="include\ThreadCallQueue.h">
      <Filter>Header Files</Filter>
    </ClInclude>
    <ClInclude Include="include\UserIdTracker.h">
      <Filter>Header Files</Filter>
    </ClInclude>
    <ClInclude Include="include\VFuncs.h">
      <Filter>Header Files</Filter>
    </ClInclude>
    <ClInclude Include="include\JsonUtils.h">
      <Filter>Header Files</Filter>
    </ClInclude>
  </ItemGroup>
</Project>